
Microsoft Visual Studio Solution File, Format Version 12.00
# Visual Studio 15
VisualStudioVersion = 15.0.27130.2020
MinimumVisualStudioVersion = 10.0.40219.1
Project("{F184B08F-C81C-45F6-A57F-5ABD9991F28F}") = "Assignment", "Assignment\Assignment.vbproj", "{59876E6C-7F21-4AF7-951C-C958ACA28CDB}"
EndProject
Global
	GlobalSection(SolutionConfigurationPlatforms) = preSolution
		Debug|Any CPU = Debug|Any CPU
		Release|Any CPU = Release|Any CPU
	EndGlobalSection
	GlobalSection(ProjectConfigurationPlatforms) = postSolution
		{59876E6C-7F21-4AF7-951C-C958ACA28CDB}.Debug|Any CPU.ActiveCfg = Debug|Any CPU
		{59876E6C-7F21-4AF7-951C-C958ACA28CDB}.Debug|Any CPU.Build.0 = Debug|Any CPU
		{59876E6C-7F21-4AF7-951C-C958ACA28CDB}.Release|Any CPU.ActiveCfg = Release|Any CPU
		{59876E6C-7F21-4AF7-951C-C958ACA28CDB}.Release|Any CPU.Build.0 = Release|Any CPU
	EndGlobalSection
	GlobalSection(SolutionProperties) = preSolution
		HideSolutionNode = FALSE
	EndGlobalSection
	GlobalSection(ExtensibilityGlobals) = postSolution
		SolutionGuid = {496AC807-8530-4369-9660-F9131FCD053F}
	EndGlobalSection
EndGlobal
